
Microsoft Visual Studio Solution File, Format Version 12.00
# Visual Studio Version 16
VisualStudioVersion = 16.0.29926.136
MinimumVisualStudioVersion = 10.0.40219.1
Project("{888888A0-9F3D-457C-B088-3A5042F75D52}") = "BasicProject", "FlaskWebProject4\BasicProject.pyproj", "{C0500BC9-5F4E-41E6-9F06-EDBCAF7E2B36}"
EndProject
Project("{888888A0-9F3D-457C-B088-3A5042F75D52}") = "FlaskWeb", "FlaskWebProject1\FlaskWeb.pyproj", "{B558344C-D733-4C72-A46C-5BC655AF8C4D}"
EndProject
Project("{888888A0-9F3D-457C-B088-3A5042F75D52}") = "FlaskPolls", "FlaskPolls\FlaskPolls.pyproj", "{2232951B-316B-4719-813C-349C52CA8CE0}"
EndProject
Global
	GlobalSection(SolutionConfigurationPlatforms) = preSolution
		Debug|Any CPU = Debug|Any CPU
		Release|Any CPU = Release|Any CPU
	EndGlobalSection
	GlobalSection(ProjectConfigurationPlatforms) = postSolution
		{C0500BC9-5F4E-41E6-9F06-EDBCAF7E2B36}.Debug|Any CPU.ActiveCfg = Debug|Any CPU
		{C0500BC9-5F4E-41E6-9F06-EDBCAF7E2B36}.Debug|Any CPU.Build.0 = Debug|Any CPU
		{C0500BC9-5F4E-41E6-9F06-EDBCAF7E2B36}.Release|Any CPU.ActiveCfg = Release|Any CPU
		{C0500BC9-5F4E-41E6-9F06-EDBCAF7E2B36}.Release|Any CPU.Build.0 = Release|Any CPU
		{B558344C-D733-4C72-A46C-5BC655AF8C4D}.Debug|Any CPU.ActiveCfg = Debug|Any CPU
		{B558344C-D733-4C72-A46C-5BC655AF8C4D}.Debug|Any CPU.Build.0 = Debug|Any CPU
		{B558344C-D733-4C72-A46C-5BC655AF8C4D}.Release|Any CPU.ActiveCfg = Release|Any CPU
		{B558344C-D733-4C72-A46C-5BC655AF8C4D}.Release|Any CPU.Build.0 = Release|Any CPU
		{2232951B-316B-4719-813C-349C52CA8CE0}.Debug|Any CPU.ActiveCfg = Debug|Any CPU
		{2232951B-316B-4719-813C-349C52CA8CE0}.Debug|Any CPU.Build.0 = Debug|Any CPU
		{2232951B-316B-4719-813C-349C52CA8CE0}.Release|Any CPU.ActiveCfg = Release|Any CPU
		{2232951B-316B-4719-813C-349C52CA8CE0}.Release|Any CPU.Build.0 = Release|Any CPU
	EndGlobalSection
	GlobalSection(SolutionProperties) = preSolution
		HideSolutionNode = FALSE
	EndGlobalSection
	GlobalSection(ExtensibilityGlobals) = postSolution
		SolutionGuid = {5B099850-3662-4463-AB59-2019369B23B8}
	EndGlobalSection
EndGlobal
